
Microsoft Visual Studio Solution File, Format Version 12.00
# Visual Studio Version 16
VisualStudioVersion = 16.0.31624.102
MinimumVisualStudioVersion = 10.0.40219.1
Project("{FAE04EC0-301F-11D3-BF4B-00C04F79EFBC}") = "FireSale", "FireSale\FireSale.csproj", "{313D428A-653B-488C-A6D1-CD35957513A3}"
EndProject
Project("{2150E333-8FDC-42A3-9474-1A3956D46DE8}") = "Solution Items", "Solution Items", "{F038616A-3040-4062-9855-DD229A631115}"
	ProjectSection(SolutionItems) = preProject
		.editorconfig = .editorconfig
	EndProjectSection
EndProject
Global
	GlobalSection(SolutionConfigurationPlatforms) = preSolution
		Debug|Any CPU = Debug|Any CPU
		Release|Any CPU = Release|Any CPU
	EndGlobalSection
	GlobalSection(ProjectConfigurationPlatforms) = postSolution
		{313D428A-653B-488C-A6D1-CD35957513A3}.Debug|Any CPU.ActiveCfg = Debug|Any CPU
		{313D428A-653B-488C-A6D1-CD35957513A3}.Debug|Any CPU.Build.0 = Debug|Any CPU
		{313D428A-653B-488C-A6D1-CD35957513A3}.Release|Any CPU.ActiveCfg = Release|Any CPU
		{313D428A-653B-488C-A6D1-CD35957513A3}.Release|Any CPU.Build.0 = Release|Any CPU
	EndGlobalSection
	GlobalSection(SolutionProperties) = preSolution
		HideSolutionNode = FALSE
	EndGlobalSection
	GlobalSection(ExtensibilityGlobals) = postSolution
		SolutionGuid = {2F25A915-7AE5-4911-8472-18B7C9ED8DA0}
	EndGlobalSection
EndGlobal
